
Microsoft Visual Studio Solution File, Format Version 12.00
# Visual Studio Version 17
VisualStudioVersion = 17.3.32811.315
MinimumVisualStudioVersion = 10.0.40219.1
Project("{FAE04EC0-301F-11D3-BF4B-00C04F79EFBC}") = "Uppgift 5.1", "Uppgift 5.1\Uppgift 5.1.csproj", "{4B31E49D-DA93-407E-9981-E654B0F9585C}"
EndProject
Global
	GlobalSection(SolutionConfigurationPlatforms) = preSolution
		Debug|Any CPU = Debug|Any CPU
		Release|Any CPU = Release|Any CPU
	EndGlobalSection
	GlobalSection(ProjectConfigurationPlatforms) = postSolution
		{4B31E49D-DA93-407E-9981-E654B0F9585C}.Debug|Any CPU.ActiveCfg = Debug|Any CPU
		{4B31E49D-DA93-407E-9981-E654B0F9585C}.Debug|Any CPU.Build.0 = Debug|Any CPU
		{4B31E49D-DA93-407E-9981-E654B0F9585C}.Release|Any CPU.ActiveCfg = Release|Any CPU
		{4B31E49D-DA93-407E-9981-E654B0F9585C}.Release|Any CPU.Build.0 = Release|Any CPU
	EndGlobalSection
	GlobalSection(SolutionProperties) = preSolution
		HideSolutionNode = FALSE
	EndGlobalSection
	GlobalSection(ExtensibilityGlobals) = postSolution
		SolutionGuid = {6A3B336E-FB75-4567-9415-E6232602D062}
	EndGlobalSection
EndGlobal
